// !$*UTF8*$!
{
	archiveVersion = 1;
	classes = {
	};
	objectVersion = 50;
	objects = {

/* Begin PBXBuildFile section */
		2F4D9E282437D34A00AF5418 /* AppDelegate.swift in Sources */ = {isa = PBXBuildFile; fileRef = 2F4D9E272437D34A00AF5418 /* AppDelegate.swift */; };
		2F4D9E2A2437D34A00AF5418 /* SceneDelegate.swift in Sources */ = {isa = PBXBuildFile; fileRef = 2F4D9E292437D34A00AF5418 /* SceneDelegate.swift */; };
		2F4D9E2F2437D34A00AF5418 /* Main.storyboard in Resources */ = {isa = PBXBuildFile; fileRef = 2F4D9E2D2437D34A00AF5418 /* Main.storyboard */; };
		2F4D9E312437D34F00AF5418 /* Assets.xcassets in Resources */ = {isa = PBXBuildFile; fileRef = 2F4D9E302437D34F00AF5418 /* Assets.xcassets */; };
		2F4D9E342437D34F00AF5418 /* LaunchScreen.storyboard in Resources */ = {isa = PBXBuildFile; fileRef = 2F4D9E322437D34F00AF5418 /* LaunchScreen.storyboard */; };
		2F5590C2243A13AF0047FCA4 /* SearchPresenterTests.swift in Sources */ = {isa = PBXBuildFile; fileRef = 2F5590C1243A13AF0047FCA4 /* SearchPresenterTests.swift */; };
		2F5590C4243A21480047FCA4 /* ResultsPresenterTests.swift in Sources */ = {isa = PBXBuildFile; fileRef = 2F5590C3243A21480047FCA4 /* ResultsPresenterTests.swift */; };
		2F62AB6B2438EF2A003D3F4D /* Rating.swift in Sources */ = {isa = PBXBuildFile; fileRef = 2F62AB6A2438EF2A003D3F4D /* Rating.swift */; };
		2F948E552438A312002D66A9 /* DetailedMovie.swift in Sources */ = {isa = PBXBuildFile; fileRef = 2F948E542438A312002D66A9 /* DetailedMovie.swift */; };
		2F948E572438A450002D66A9 /* ResultsPresenter.swift in Sources */ = {isa = PBXBuildFile; fileRef = 2F948E562438A450002D66A9 /* ResultsPresenter.swift */; };
		2F948E592438A9B0002D66A9 /* MovieDetailsViewController.swift in Sources */ = {isa = PBXBuildFile; fileRef = 2F948E582438A9B0002D66A9 /* MovieDetailsViewController.swift */; };
		2F948E5B2438B4DE002D66A9 /* MovieDetailsPresenter.swift in Sources */ = {isa = PBXBuildFile; fileRef = 2F948E5A2438B4DE002D66A9 /* MovieDetailsPresenter.swift */; };
		2FA151F92437DECC00C9AD59 /* SearchViewController.swift in Sources */ = {isa = PBXBuildFile; fileRef = 2FA151F82437DECC00C9AD59 /* SearchViewController.swift */; };
		2FA151FB2437E1EA00C9AD59 /* SearchPresenter.swift in Sources */ = {isa = PBXBuildFile; fileRef = 2FA151FA2437E1EA00C9AD59 /* SearchPresenter.swift */; };
		2FA151FE2437E2D200C9AD59 /* RequestManager.swift in Sources */ = {isa = PBXBuildFile; fileRef = 2FA151FD2437E2D200C9AD59 /* RequestManager.swift */; };
		2FF191762437EACE00AA0D8B /* Movie.swift in Sources */ = {isa = PBXBuildFile; fileRef = 2FF191752437EACE00AA0D8B /* Movie.swift */; };
		2FF191782437F43C00AA0D8B /* SearchResults.swift in Sources */ = {isa = PBXBuildFile; fileRef = 2FF191772437F43C00AA0D8B /* SearchResults.swift */; };
		2FF1917B2437FAE500AA0D8B /* ResultsViewController.swift in Sources */ = {isa = PBXBuildFile; fileRef = 2FF1917A2437FAE500AA0D8B /* ResultsViewController.swift */; };
		2FF1917D2437FCCA00AA0D8B /* ResultsViewCell.swift in Sources */ = {isa = PBXBuildFile; fileRef = 2FF1917C2437FCCA00AA0D8B /* ResultsViewCell.swift */; };
		397B09E8617169622C211D4D /* libPods-MyMovieDB.a in Frameworks */ = {isa = PBXBuildFile; fileRef = EBE5FEB8BFF34348B4DEACD6 /* libPods-MyMovieDB.a */; };
		4A8BF700C9239C7DE4FA2C34 /* libPods-MyMovieDBTests.a in Frameworks */ = {isa = PBXBuildFile; fileRef = 34AAF4FA17A3635BB91E4D51 /* libPods-MyMovieDBTests.a */; };
/* End PBXBuildFile section */

/* Begin PBXContainerItemProxy section */
		2F4D9E3B2437D34F00AF5418 /* PBXContainerItemProxy */ = {
			isa = PBXContainerItemProxy;
			containerPortal = 2F4D9E1C2437D34A00AF5418 /* Project object */;
			proxyType = 1;
			remoteGlobalIDString = 2F4D9E232437D34A00AF5418;
			remoteInfo = MyMovieDB;
		};
/* End PBXContainerItemProxy section */

/* Begin PBXFileReference section */
		2F0C0078243926F9008D5391 /* Alamofire.framework */ = {isa = PBXFileReference; explicitFileType = wrapper.framework; path = Alamofire.framework; sourceTree = BUILT_PRODUCTS_DIR; };
		2F0C007C2439275B008D5391 /* Alamofire.framework */ = {isa = PBXFileReference; explicitFileType = wrapper.framework; path = Alamofire.framework; sourceTree = BUILT_PRODUCTS_DIR; };
		2F4D9E242437D34A00AF5418 /* MyMovieDB.app */ = {isa = PBXFileReference; explicitFileType = wrapper.application; includeInIndex = 0; path = MyMovieDB.app; sourceTree = BUILT_PRODUCTS_DIR; };
		2F4D9E272437D34A00AF5418 /* AppDelegate.swift */ = {isa = PBXFileReference; lastKnownFileType = sourcecode.swift; path = AppDelegate.swift; sourceTree = "<group>"; };
		2F4D9E292437D34A00AF5418 /* SceneDelegate.swift */ = {isa = PBXFileReference; lastKnownFileType = sourcecode.swift; path = SceneDelegate.swift; sourceTree = "<group>"; };
		2F4D9E2E2437D34A00AF5418 /* Base */ = {isa = PBXFileReference; lastKnownFileType = file.storyboard; name = Base; path = Base.lproj/Main.storyboard; sourceTree = "<group>"; };
		2F4D9E302437D34F00AF5418 /* Assets.xcassets */ = {isa = PBXFileReference; lastKnownFileType = folder.assetcatalog; path = Assets.xcassets; sourceTree = "<group>"; };
		2F4D9E332437D34F00AF5418 /* Base */ = {isa = PBXFileReference; lastKnownFileType = file.storyboard; name = Base; path = Base.lproj/LaunchScreen.storyboard; sourceTree = "<group>"; };
		2F4D9E352437D34F00AF5418 /* Info.plist */ = {isa = PBXFileReference; lastKnownFileType = text.plist.xml; path = Info.plist; sourceTree = "<group>"; };
		2F4D9E3A2437D34F00AF5418 /* MyMovieDBTests.xctest */ = {isa = PBXFileReference; explicitFileType = wrapper.cfbundle; includeInIndex = 0; path = MyMovieDBTests.xctest; sourceTree = BUILT_PRODUCTS_DIR; };
		2F4D9E402437D34F00AF5418 /* Info.plist */ = {isa = PBXFileReference; lastKnownFileType = text.plist.xml; path = Info.plist; sourceTree = "<group>"; };
		2F5590C1243A13AF0047FCA4 /* SearchPresenterTests.swift */ = {isa = PBXFileReference; lastKnownFileType = sourcecode.swift; path = SearchPresenterTests.swift; sourceTree = "<group>"; };
		2F5590C3243A21480047FCA4 /* ResultsPresenterTests.swift */ = {isa = PBXFileReference; lastKnownFileType = sourcecode.swift; path = ResultsPresenterTests.swift; sourceTree = "<group>"; };
		2F62AB6A2438EF2A003D3F4D /* Rating.swift */ = {isa = PBXFileReference; lastKnownFileType = sourcecode.swift; path = Rating.swift; sourceTree = "<group>"; };
		2F948E542438A312002D66A9 /* DetailedMovie.swift */ = {isa = PBXFileReference; lastKnownFileType = sourcecode.swift; path = DetailedMovie.swift; sourceTree = "<group>"; };
		2F948E562438A450002D66A9 /* ResultsPresenter.swift */ = {isa = PBXFileReference; lastKnownFileType = sourcecode.swift; path = ResultsPresenter.swift; sourceTree = "<group>"; };
		2F948E582438A9B0002D66A9 /* MovieDetailsViewController.swift */ = {isa = PBXFileReference; lastKnownFileType = sourcecode.swift; path = MovieDetailsViewController.swift; sourceTree = "<group>"; };
		2F948E5A2438B4DE002D66A9 /* MovieDetailsPresenter.swift */ = {isa = PBXFileReference; lastKnownFileType = sourcecode.swift; path = MovieDetailsPresenter.swift; sourceTree = "<group>"; };
		2FA151F82437DECC00C9AD59 /* SearchViewController.swift */ = {isa = PBXFileReference; lastKnownFileType = sourcecode.swift; path = SearchViewController.swift; sourceTree = "<group>"; };
		2FA151FA2437E1EA00C9AD59 /* SearchPresenter.swift */ = {isa = PBXFileReference; lastKnownFileType = sourcecode.swift; path = SearchPresenter.swift; sourceTree = "<group>"; };
		2FA151FD2437E2D200C9AD59 /* RequestManager.swift */ = {isa = PBXFileReference; lastKnownFileType = sourcecode.swift; path = RequestManager.swift; sourceTree = "<group>"; };
		2FF191752437EACE00AA0D8B /* Movie.swift */ = {isa = PBXFileReference; lastKnownFileType = sourcecode.swift; path = Movie.swift; sourceTree = "<group>"; };
		2FF191772437F43C00AA0D8B /* SearchResults.swift */ = {isa = PBXFileReference; lastKnownFileType = sourcecode.swift; path = SearchResults.swift; sourceTree = "<group>"; };
		2FF1917A2437FAE500AA0D8B /* ResultsViewController.swift */ = {isa = PBXFileReference; lastKnownFileType = sourcecode.swift; path = ResultsViewController.swift; sourceTree = "<group>"; };
		2FF1917C2437FCCA00AA0D8B /* ResultsViewCell.swift */ = {isa = PBXFileReference; lastKnownFileType = sourcecode.swift; path = ResultsViewCell.swift; sourceTree = "<group>"; };
		34AAF4FA17A3635BB91E4D51 /* libPods-MyMovieDBTests.a */ = {isa = PBXFileReference; explicitFileType = archive.ar; includeInIndex = 0; path = "libPods-MyMovieDBTests.a"; sourceTree = BUILT_PRODUCTS_DIR; };
		562B6844BB65F82D2B6F2DFB /* Pods-MyMovieDB.release.xcconfig */ = {isa = PBXFileReference; includeInIndex = 1; lastKnownFileType = text.xcconfig; name = "Pods-MyMovieDB.release.xcconfig"; path = "Target Support Files/Pods-MyMovieDB/Pods-MyMovieDB.release.xcconfig"; sourceTree = "<group>"; };
		8C9F8B5319EAA4D3D342F7E8 /* Pods-MyMovieDB.debug.xcconfig */ = {isa = PBXFileReference; includeInIndex = 1; lastKnownFileType = text.xcconfig; name = "Pods-MyMovieDB.debug.xcconfig"; path = "Target Support Files/Pods-MyMovieDB/Pods-MyMovieDB.debug.xcconfig"; sourceTree = "<group>"; };
		8DA026F542A0C42F92FCF17F /* Pods-MyMovieDBTests.debug.xcconfig */ = {isa = PBXFileReference; includeInIndex = 1; lastKnownFileType = text.xcconfig; name = "Pods-MyMovieDBTests.debug.xcconfig"; path = "Target Support Files/Pods-MyMovieDBTests/Pods-MyMovieDBTests.debug.xcconfig"; sourceTree = "<group>"; };
		CA93747B08DC4D6EEC201CE7 /* Pods-MyMovieDB-MyMovieDBTests.release.xcconfig */ = {isa = PBXFileReference; includeInIndex = 1; lastKnownFileType = text.xcconfig; name = "Pods-MyMovieDB-MyMovieDBTests.release.xcconfig"; path = "Target Support Files/Pods-MyMovieDB-MyMovieDBTests/Pods-MyMovieDB-MyMovieDBTests.release.xcconfig"; sourceTree = "<group>"; };
		DBB1AA867683EBF8C2E9A4EC /* Pods-MyMovieDB-MyMovieDBTests.debug.xcconfig */ = {isa = PBXFileReference; includeInIndex = 1; lastKnownFileType = text.xcconfig; name = "Pods-MyMovieDB-MyMovieDBTests.debug.xcconfig"; path = "Target Support Files/Pods-MyMovieDB-MyMovieDBTests/Pods-MyMovieDB-MyMovieDBTests.debug.xcconfig"; sourceTree = "<group>"; };
		DBECE7830DB2D994FC5F3B70 /* Pods-MyMovieDBTests.release.xcconfig */ = {isa = PBXFileReference; includeInIndex = 1; lastKnownFileType = text.xcconfig; name = "Pods-MyMovieDBTests.release.xcconfig"; path = "Target Support Files/Pods-MyMovieDBTests/Pods-MyMovieDBTests.release.xcconfig"; sourceTree = "<group>"; };
		EBE5FEB8BFF34348B4DEACD6 /* libPods-MyMovieDB.a */ = {isa = PBXFileReference; explicitFileType = archive.ar; includeInIndex = 0; path = "libPods-MyMovieDB.a"; sourceTree = BUILT_PRODUCTS_DIR; };
/* End PBXFileReference section */

/* Begin PBXFrameworksBuildPhase section */
		2F4D9E212437D34A00AF5418 /* Frameworks */ = {
			isa = PBXFrameworksBuildPhase;
			buildActionMask = 2147483647;
			files = (
				397B09E8617169622C211D4D /* libPods-MyMovieDB.a in Frameworks */,
			);
			runOnlyForDeploymentPostprocessing = 0;
		};
		2F4D9E372437D34F00AF5418 /* Frameworks */ = {
			isa = PBXFrameworksBuildPhase;
			buildActionMask = 2147483647;
			files = (
				4A8BF700C9239C7DE4FA2C34 /* libPods-MyMovieDBTests.a in Frameworks */,
			);
			runOnlyForDeploymentPostprocessing = 0;
		};
/* End PBXFrameworksBuildPhase section */

/* Begin PBXGroup section */
		2F1819E024389211006262A4 /* Cell */ = {
			isa = PBXGroup;
			children = (
				2FF1917C2437FCCA00AA0D8B /* ResultsViewCell.swift */,
			);
			path = Cell;
			sourceTree = "<group>";
		};
		2F4D9E1B2437D34A00AF5418 = {
			isa = PBXGroup;
			children = (
				2F4D9E262437D34A00AF5418 /* MyMovieDB */,
				2F4D9E3D2437D34F00AF5418 /* MyMovieDBTests */,
				2F4D9E252437D34A00AF5418 /* Products */,
				F5239110C073C9056D3E390B /* Pods */,
				6ED6E8B92D1592380B9F7A08 /* Frameworks */,
			);
			sourceTree = "<group>";
		};
		2F4D9E252437D34A00AF5418 /* Products */ = {
			isa = PBXGroup;
			children = (
				2F4D9E242437D34A00AF5418 /* MyMovieDB.app */,
				2F4D9E3A2437D34F00AF5418 /* MyMovieDBTests.xctest */,
			);
			name = Products;
			sourceTree = "<group>";
		};
		2F4D9E262437D34A00AF5418 /* MyMovieDB */ = {
			isa = PBXGroup;
			children = (
				2FA151F72437DD9300C9AD59 /* SearchView */,
				2FF191792437FAC400AA0D8B /* ResultsView */,
				2F948E5124389BFB002D66A9 /* MovieDetailsView */,
				2FA151FC2437E2C300C9AD59 /* Core */,
				2F4D9E272437D34A00AF5418 /* AppDelegate.swift */,
				2F4D9E292437D34A00AF5418 /* SceneDelegate.swift */,
				2F4D9E2D2437D34A00AF5418 /* Main.storyboard */,
				2F4D9E302437D34F00AF5418 /* Assets.xcassets */,
				2F4D9E322437D34F00AF5418 /* LaunchScreen.storyboard */,
				2F4D9E352437D34F00AF5418 /* Info.plist */,
			);
			path = MyMovieDB;
			sourceTree = "<group>";
		};
		2F4D9E3D2437D34F00AF5418 /* MyMovieDBTests */ = {
			isa = PBXGroup;
			children = (
				2F4D9E402437D34F00AF5418 /* Info.plist */,
				2F5590C1243A13AF0047FCA4 /* SearchPresenterTests.swift */,
				2F5590C3243A21480047FCA4 /* ResultsPresenterTests.swift */,
			);
			path = MyMovieDBTests;
			sourceTree = "<group>";
		};
		2F948E5124389BFB002D66A9 /* MovieDetailsView */ = {
			isa = PBXGroup;
			children = (
				2F948E582438A9B0002D66A9 /* MovieDetailsViewController.swift */,
				2F948E5A2438B4DE002D66A9 /* MovieDetailsPresenter.swift */,
			);
			path = MovieDetailsView;
			sourceTree = "<group>";
		};
		2FA151F72437DD9300C9AD59 /* SearchView */ = {
			isa = PBXGroup;
			children = (
				2FA151F82437DECC00C9AD59 /* SearchViewController.swift */,
				2FA151FA2437E1EA00C9AD59 /* SearchPresenter.swift */,
			);
			path = SearchView;
			sourceTree = "<group>";
		};
		2FA151FC2437E2C300C9AD59 /* Core */ = {
			isa = PBXGroup;
			children = (
				2FF191742437EAC200AA0D8B /* Models */,
				2FA151FD2437E2D200C9AD59 /* RequestManager.swift */,
			);
			path = Core;
			sourceTree = "<group>";
		};
		2FF191742437EAC200AA0D8B /* Models */ = {
			isa = PBXGroup;
			children = (
				2FF191752437EACE00AA0D8B /* Movie.swift */,
				2FF191772437F43C00AA0D8B /* SearchResults.swift */,
				2F948E542438A312002D66A9 /* DetailedMovie.swift */,
				2F62AB6A2438EF2A003D3F4D /* Rating.swift */,
			);
			path = Models;
			sourceTree = "<group>";
		};
		2FF191792437FAC400AA0D8B /* ResultsView */ = {
			isa = PBXGroup;
			children = (
				2F1819E024389211006262A4 /* Cell */,
				2FF1917A2437FAE500AA0D8B /* ResultsViewController.swift */,
				2F948E562438A450002D66A9 /* ResultsPresenter.swift */,
			);
			path = ResultsView;
			sourceTree = "<group>";
		};
		6ED6E8B92D1592380B9F7A08 /* Frameworks */ = {
			isa = PBXGroup;
			children = (
				2F0C007C2439275B008D5391 /* Alamofire.framework */,
				2F0C0078243926F9008D5391 /* Alamofire.framework */,
				EBE5FEB8BFF34348B4DEACD6 /* libPods-MyMovieDB.a */,
				34AAF4FA17A3635BB91E4D51 /* libPods-MyMovieDBTests.a */,
			);
			name = Frameworks;
			sourceTree = "<group>";
		};
		F5239110C073C9056D3E390B /* Pods */ = {
			isa = PBXGroup;
			children = (
				8C9F8B5319EAA4D3D342F7E8 /* Pods-MyMovieDB.debug.xcconfig */,
				562B6844BB65F82D2B6F2DFB /* Pods-MyMovieDB.release.xcconfig */,
				DBB1AA867683EBF8C2E9A4EC /* Pods-MyMovieDB-MyMovieDBTests.debug.xcconfig */,
				CA93747B08DC4D6EEC201CE7 /* Pods-MyMovieDB-MyMovieDBTests.release.xcconfig */,
				8DA026F542A0C42F92FCF17F /* Pods-MyMovieDBTests.debug.xcconfig */,
				DBECE7830DB2D994FC5F3B70 /* Pods-MyMovieDBTests.release.xcconfig */,
			);
			path = Pods;
			sourceTree = "<group>";
		};
/* End PBXGroup section */

/* Begin PBXNativeTarget section */
		2F4D9E232437D34A00AF5418 /* MyMovieDB */ = {
			isa = PBXNativeTarget;
			buildConfigurationList = 2F4D9E432437D34F00AF5418 /* Build configuration list for PBXNativeTarget "MyMovieDB" */;
			buildPhases = (
				6F275B417D749268031BE650 /* [CP] Check Pods Manifest.lock */,
				2F4D9E202437D34A00AF5418 /* Sources */,
				2F4D9E212437D34A00AF5418 /* Frameworks */,
				2F4D9E222437D34A00AF5418 /* Resources */,
			);
			buildRules = (
			);
			dependencies = (
			);
			name = MyMovieDB;
			productName = MyMovieDB;
			productReference = 2F4D9E242437D34A00AF5418 /* MyMovieDB.app */;
			productType = "com.apple.product-type.application";
		};
		2F4D9E392437D34F00AF5418 /* MyMovieDBTests */ = {
			isa = PBXNativeTarget;
			buildConfigurationList = 2F4D9E462437D34F00AF5418 /* Build configuration list for PBXNativeTarget "MyMovieDBTests" */;
			buildPhases = (
				0341FBC476C0B450478BE148 /* [CP] Check Pods Manifest.lock */,
				2F4D9E362437D34F00AF5418 /* Sources */,
				2F4D9E372437D34F00AF5418 /* Frameworks */,
				2F4D9E382437D34F00AF5418 /* Resources */,
			);
			buildRules = (
			);
			dependencies = (
				2F4D9E3C2437D34F00AF5418 /* PBXTargetDependency */,
			);
			name = MyMovieDBTests;
			productName = MyMovieDBTests;
			productReference = 2F4D9E3A2437D34F00AF5418 /* MyMovieDBTests.xctest */;
			productType = "com.apple.product-type.bundle.unit-test";
		};
/* End PBXNativeTarget section */

/* Begin PBXProject section */
		2F4D9E1C2437D34A00AF5418 /* Project object */ = {
			isa = PBXProject;
			attributes = {
				LastSwiftUpdateCheck = 1130;
				LastUpgradeCheck = 1130;
				ORGANIZATIONNAME = mattcbr;
				TargetAttributes = {
					2F4D9E232437D34A00AF5418 = {
						CreatedOnToolsVersion = 11.3.1;
					};
					2F4D9E392437D34F00AF5418 = {
						CreatedOnToolsVersion = 11.3.1;
						TestTargetID = 2F4D9E232437D34A00AF5418;
					};
				};
			};
			buildConfigurationList = 2F4D9E1F2437D34A00AF5418 /* Build configuration list for PBXProject "MyMovieDB" */;
			compatibilityVersion = "Xcode 9.3";
			developmentRegion = en;
			hasScannedForEncodings = 0;
			knownRegions = (
				en,
				Base,
			);
			mainGroup = 2F4D9E1B2437D34A00AF5418;
			productRefGroup = 2F4D9E252437D34A00AF5418 /* Products */;
			projectDirPath = "";
			projectRoot = "";
			targets = (
				2F4D9E232437D34A00AF5418 /* MyMovieDB */,
				2F4D9E392437D34F00AF5418 /* MyMovieDBTests */,
			);
		};
/* End PBXProject section */

/* Begin PBXResourcesBuildPhase section */
		2F4D9E222437D34A00AF5418 /* Resources */ = {
			isa = PBXResourcesBuildPhase;
			buildActionMask = 2147483647;
			files = (
				2F4D9E342437D34F00AF5418 /* LaunchScreen.storyboard in Resources */,
				2F4D9E312437D34F00AF5418 /* Assets.xcassets in Resources */,
				2F4D9E2F2437D34A00AF5418 /* Main.storyboard in Resources */,
			);
			runOnlyForDeploymentPostprocessing = 0;
		};
		2F4D9E382437D34F00AF5418 /* Resources */ = {
			isa = PBXResourcesBuildPhase;
			buildActionMask = 2147483647;
			files = (
			);
			runOnlyForDeploymentPostprocessing = 0;
		};
/* End PBXResourcesBuildPhase section */

/* Begin PBXShellScriptBuildPhase section */
		0341FBC476C0B450478BE148 /* [CP] Check Pods Manifest.lock */ = {
			isa = PBXShellScriptBuildPhase;
			buildActionMask = 2147483647;
			files = (
			);
			inputFileListPaths = (
			);
			inputPaths = (
				"${PODS_PODFILE_DIR_PATH}/Podfile.lock",
				"${PODS_ROOT}/Manifest.lock",
			);
			name = "[CP] Check Pods Manifest.lock";
			outputFileListPaths = (
			);
			outputPaths = (
				"$(DERIVED_FILE_DIR)/Pods-MyMovieDBTests-checkManifestLockResult.txt",
			);
			runOnlyForDeploymentPostprocessing = 0;
			shellPath = /bin/sh;
			shellScript = "diff \"${PODS_PODFILE_DIR_PATH}/Podfile.lock\" \"${PODS_ROOT}/Manifest.lock\" > /dev/null\nif [ $? != 0 ] ; then\n    # print error to STDERR\n    echo \"error: The sandbox is not in sync with the Podfile.lock. Run 'pod install' or update your CocoaPods installation.\" >&2\n    exit 1\nfi\n# This output is used by Xcode 'outputs' to avoid re-running this script phase.\necho \"SUCCESS\" > \"${SCRIPT_OUTPUT_FILE_0}\"\n";
			showEnvVarsInLog = 0;
		};
		6F275B417D749268031BE650 /* [CP] Check Pods Manifest.lock */ = {
			isa = PBXShellScriptBuildPhase;
			buildActionMask = 2147483647;
			files = (
			);
			inputFileListPaths = (
			);
			inputPaths = (
				"${PODS_PODFILE_DIR_PATH}/Podfile.lock",
				"${PODS_ROOT}/Manifest.lock",
			);
			name = "[CP] Check Pods Manifest.lock";
			outputFileListPaths = (
			);
			outputPaths = (
				"$(DERIVED_FILE_DIR)/Pods-MyMovieDB-checkManifestLockResult.txt",
			);
			runOnlyForDeploymentPostprocessing = 0;
			shellPath = /bin/sh;
			shellScript = "diff \"${PODS_PODFILE_DIR_PATH}/Podfile.lock\" \"${PODS_ROOT}/Manifest.lock\" > /dev/null\nif [ $? != 0 ] ; then\n    # print error to STDERR\n    echo \"error: The sandbox is not in sync with the Podfile.lock. Run 'pod install' or update your CocoaPods installation.\" >&2\n    exit 1\nfi\n# This output is used by Xcode 'outputs' to avoid re-running this script phase.\necho \"SUCCESS\" > \"${SCRIPT_OUTPUT_FILE_0}\"\n";
			showEnvVarsInLog = 0;
		};
/* End PBXShellScriptBuildPhase section */

/* Begin PBXSourcesBuildPhase section */
		2F4D9E202437D34A00AF5418 /* Sources */ = {
			isa = PBXSourcesBuildPhase;
			buildActionMask = 2147483647;
			files = (
				2FF1917D2437FCCA00AA0D8B /* ResultsViewCell.swift in Sources */,
				2F948E5B2438B4DE002D66A9 /* MovieDetailsPresenter.swift in Sources */,
				2FA151FE2437E2D200C9AD59 /* RequestManager.swift in Sources */,
				2FA151F92437DECC00C9AD59 /* SearchViewController.swift in Sources */,
				2F948E572438A450002D66A9 /* ResultsPresenter.swift in Sources */,
				2FF191762437EACE00AA0D8B /* Movie.swift in Sources */,
				2F62AB6B2438EF2A003D3F4D /* Rating.swift in Sources */,
				2FA151FB2437E1EA00C9AD59 /* SearchPresenter.swift in Sources */,
				2FF191782437F43C00AA0D8B /* SearchResults.swift in Sources */,
				2F4D9E282437D34A00AF5418 /* AppDelegate.swift in Sources */,
				2F948E592438A9B0002D66A9 /* MovieDetailsViewController.swift in Sources */,
				2F4D9E2A2437D34A00AF5418 /* SceneDelegate.swift in Sources */,
				2F948E552438A312002D66A9 /* DetailedMovie.swift in Sources */,
				2FF1917B2437FAE500AA0D8B /* ResultsViewController.swift in Sources */,
			);
			runOnlyForDeploymentPostprocessing = 0;
		};
		2F4D9E362437D34F00AF5418 /* Sources */ = {
			isa = PBXSourcesBuildPhase;
			buildActionMask = 2147483647;
			files = (
				2F5590C4243A21480047FCA4 /* ResultsPresenterTests.swift in Sources */,
				2F5590C2243A13AF0047FCA4 /* SearchPresenterTests.swift in Sources */,
			);
			runOnlyForDeploymentPostprocessing = 0;
		};
/* End PBXSourcesBuildPhase section */

/* Begin PBXTargetDependency section */
		2F4D9E3C2437D34F00AF5418 /* PBXTargetDependency */ = {
			isa = PBXTargetDependency;
			target = 2F4D9E232437D34A00AF5418 /* MyMovieDB */;
			targetProxy = 2F4D9E3B2437D34F00AF5418 /* PBXContainerItemProxy */;
		};
/* End PBXTargetDependency section */

/* Begin PBXVariantGroup section */
		2F4D9E2D2437D34A00AF5418 /* Main.storyboard */ = {
			isa = PBXVariantGroup;
			children = (
				2F4D9E2E2437D34A00AF5418 /* Base */,
			);
			name = Main.storyboard;
			sourceTree = "<group>";
		};
		2F4D9E322437D34F00AF5418 /* LaunchScreen.storyboard */ = {
			isa = PBXVariantGroup;
			children = (
				2F4D9E332437D34F00AF5418 /* Base */,
			);
			name = LaunchScreen.storyboard;
			sourceTree = "<group>";
		};
/* End PBXVariantGroup section */

/* Begin XCBuildConfiguration section */
		2F4D9E412437D34F00AF5418 /* Debug */ = {
			isa = XCBuildConfiguration;
			buildSettings = {
				ALWAYS_SEARCH_USER_PATHS = NO;
				CLANG_ANALYZER_NONNULL = YES;
				CLANG_ANALYZER_NUMBER_OBJECT_CONVERSION = YES_AGGRESSIVE;
				CLANG_CXX_LANGUAGE_STANDARD = "gnu++14";
				CLANG_CXX_LIBRARY = "libc++";
				CLANG_ENABLE_MODULES = YES;
				CLANG_ENABLE_OBJC_ARC = YES;
				CLANG_ENABLE_OBJC_WEAK = YES;
				CLANG_WARN_BLOCK_CAPTURE_AUTORELEASING = YES;
				CLANG_WARN_BOOL_CONVERSION = YES;
				CLANG_WARN_COMMA = YES;
				CLANG_WARN_CONSTANT_CONVERSION = YES;
				CLANG_WARN_DEPRECATED_OBJC_IMPLEMENTATIONS = YES;
				CLANG_WARN_DIRECT_OBJC_ISA_USAGE = YES_ERROR;
				CLANG_WARN_DOCUMENTATION_COMMENTS = YES;
				CLANG_WARN_EMPTY_BODY = YES;
				CLANG_WARN_ENUM_CONVERSION = YES;
				CLANG_WARN_INFINITE_RECURSION = YES;
				CLANG_WARN_INT_CONVERSION = YES;
				CLANG_WARN_NON_LITERAL_NULL_CONVERSION = YES;
				CLANG_WARN_OBJC_IMPLICIT_RETAIN_SELF = YES;
				CLANG_WARN_OBJC_LITERAL_CONVERSION = YES;
				CLANG_WARN_OBJC_ROOT_CLASS = YES_ERROR;
				CLANG_WARN_RANGE_LOOP_ANALYSIS = YES;
				CLANG_WARN_STRICT_PROTOTYPES = YES;
				CLANG_WARN_SUSPICIOUS_MOVE = YES;
				CLANG_WARN_UNGUARDED_AVAILABILITY = YES_AGGRESSIVE;
				CLANG_WARN_UNREACHABLE_CODE = YES;
				CLANG_WARN__DUPLICATE_METHOD_MATCH = YES;
				COPY_PHASE_STRIP = NO;
				DEBUG_INFORMATION_FORMAT = dwarf;
				ENABLE_STRICT_OBJC_MSGSEND = YES;
				ENABLE_TESTABILITY = YES;
				GCC_C_LANGUAGE_STANDARD = gnu11;
				GCC_DYNAMIC_NO_PIC = NO;
				GCC_NO_COMMON_BLOCKS = YES;
				GCC_OPTIMIZATION_LEVEL = 0;
				GCC_PREPROCESSOR_DEFINITIONS = (
					"DEBUG=1",
					"$(inherited)",
				);
				GCC_WARN_64_TO_32_BIT_CONVERSION = YES;
				GCC_WARN_ABOUT_RETURN_TYPE = YES_ERROR;
				GCC_WARN_UNDECLARED_SELECTOR = YES;
				GCC_WARN_UNINITIALIZED_AUTOS = YES_AGGRESSIVE;
				GCC_WARN_UNUSED_FUNCTION = YES;
				GCC_WARN_UNUSED_VARIABLE = YES;
				IPHONEOS_DEPLOYMENT_TARGET = 13.2;
				MTL_ENABLE_DEBUG_INFO = INCLUDE_SOURCE;
				MTL_FAST_MATH = YES;
				ONLY_ACTIVE_ARCH = YES;
				SDKROOT = iphoneos;
				SWIFT_ACTIVE_COMPILATION_CONDITIONS = DEBUG;
				SWIFT_OPTIMIZATION_LEVEL = "-Onone";
			};
			name = Debug;
		};
		2F4D9E422437D34F00AF5418 /* Release */ = {
			isa = XCBuildConfiguration;
			buildSettings = {
				ALWAYS_SEARCH_USER_PATHS = NO;
				CLANG_ANALYZER_NONNULL = YES;
				CLANG_ANALYZER_NUMBER_OBJECT_CONVERSION = YES_AGGRESSIVE;
				CLANG_CXX_LANGUAGE_STANDARD = "gnu++14";
				CLANG_CXX_LIBRARY = "libc++";
				CLANG_ENABLE_MODULES = YES;
				CLANG_ENABLE_OBJC_ARC = YES;
				CLANG_ENABLE_OBJC_WEAK = YES;
				CLANG_WARN_BLOCK_CAPTURE_AUTORELEASING = YES;
				CLANG_WARN_BOOL_CONVERSION = YES;
				CLANG_WARN_COMMA = YES;
				CLANG_WARN_CONSTANT_CONVERSION = YES;
				CLANG_WARN_DEPRECATED_OBJC_IMPLEMENTATIONS = YES;
				CLANG_WARN_DIRECT_OBJC_ISA_USAGE = YES_ERROR;
				CLANG_WARN_DOCUMENTATION_COMMENTS = YES;
				CLANG_WARN_EMPTY_BODY = YES;
				CLANG_WARN_ENUM_CONVERSION = YES;
				CLANG_WARN_INFINITE_RECURSION = YES;
				CLANG_WARN_INT_CONVERSION = YES;
				CLANG_WARN_NON_LITERAL_NULL_CONVERSION = YES;
				CLANG_WARN_OBJC_IMPLICIT_RETAIN_SELF = YES;
				CLANG_WARN_OBJC_LITERAL_CONVERSION = YES;
				CLANG_WARN_OBJC_ROOT_CLASS = YES_ERROR;
				CLANG_WARN_RANGE_LOOP_ANALYSIS = YES;
				CLANG_WARN_STRICT_PROTOTYPES = YES;
				CLANG_WARN_SUSPICIOUS_MOVE = YES;
				CLANG_WARN_UNGUARDED_AVAILABILITY = YES_AGGRESSIVE;
				CLANG_WARN_UNREACHABLE_CODE = YES;
				CLANG_WARN__DUPLICATE_METHOD_MATCH = YES;
				COPY_PHASE_STRIP = NO;
				DEBUG_INFORMATION_FORMAT = "dwarf-with-dsym";
				ENABLE_NS_ASSERTIONS = NO;
				ENABLE_STRICT_OBJC_MSGSEND = YES;
				GCC_C_LANGUAGE_STANDARD = gnu11;
				GCC_NO_COMMON_BLOCKS = YES;
				GCC_WARN_64_TO_32_BIT_CONVERSION = YES;
				GCC_WARN_ABOUT_RETURN_TYPE = YES_ERROR;
				GCC_WARN_UNDECLARED_SELECTOR = YES;
				GCC_WARN_UNINITIALIZED_AUTOS = YES_AGGRESSIVE;
				GCC_WARN_UNUSED_FUNCTION = YES;
				GCC_WARN_UNUSED_VARIABLE = YES;
				IPHONEOS_DEPLOYMENT_TARGET = 13.2;
				MTL_ENABLE_DEBUG_INFO = NO;
				MTL_FAST_MATH = YES;
				SDKROOT = iphoneos;
				SWIFT_COMPILATION_MODE = wholemodule;
				SWIFT_OPTIMIZATION_LEVEL = "-O";
				VALIDATE_PRODUCT = YES;
			};
			name = Release;
		};
		2F4D9E442437D34F00AF5418 /* Debug */ = {
			isa = XCBuildConfiguration;
			baseConfigurationReference = 8C9F8B5319EAA4D3D342F7E8 /* Pods-MyMovieDB.debug.xcconfig */;
			buildSettings = {
				ASSETCATALOG_COMPILER_APPICON_NAME = AppIcon;
				CODE_SIGN_STYLE = Automatic;
				DEVELOPMENT_TEAM = S27M9ZF22P;
				INFOPLIST_FILE = MyMovieDB/Info.plist;
				LD_RUNPATH_SEARCH_PATHS = (
					"$(inherited)",
					"@executable_path/Frameworks",
				);
				PRODUCT_BUNDLE_IDENTIFIER = com.mattcbr.MyMovieDB;
				PRODUCT_NAME = "$(TARGET_NAME)";
				SWIFT_VERSION = 5.0;
				TARGETED_DEVICE_FAMILY = "1,2";
			};
			name = Debug;
		};
		2F4D9E452437D34F00AF5418 /* Release */ = {
			isa = XCBuildConfiguration;
			baseConfigurationReference = 562B6844BB65F82D2B6F2DFB /* Pods-MyMovieDB.release.xcconfig */;
			buildSettings = {
				ASSETCATALOG_COMPILER_APPICON_NAME = AppIcon;
				CODE_SIGN_STYLE = Automatic;
				DEVELOPMENT_TEAM = S27M9ZF22P;
				INFOPLIST_FILE = MyMovieDB/Info.plist;
				LD_RUNPATH_SEARCH_PATHS = (
					"$(inherited)",
					"@executable_path/Frameworks",
				);
				PRODUCT_BUNDLE_IDENTIFIER = com.mattcbr.MyMovieDB;
				PRODUCT_NAME = "$(TARGET_NAME)";
				SWIFT_VERSION = 5.0;
				TARGETED_DEVICE_FAMILY = "1,2";
			};
			name = Release;
		};
		2F4D9E472437D34F00AF5418 /* Debug */ = {
			isa = XCBuildConfiguration;
			baseConfigurationReference = 8DA026F542A0C42F92FCF17F /* Pods-MyMovieDBTests.debug.xcconfig */;
			buildSettings = {
				ALWAYS_EMBED_SWIFT_STANDARD_LIBRARIES = YES;
				BUNDLE_LOADER = "$(TEST_HOST)";
				CODE_SIGN_STYLE = Automatic;
				DEVELOPMENT_TEAM = 8DAQ759ZX7;
				INFOPLIST_FILE = MyMovieDBTests/Info.plist;
				IPHONEOS_DEPLOYMENT_TARGET = 13.2;
				LD_RUNPATH_SEARCH_PATHS = (
					"$(inherited)",
					"@executable_path/Frameworks",
					"@loader_path/Frameworks",
				);
				PRODUCT_BUNDLE_IDENTIFIER = com.mattcbr.MyMovieDBTests;
				PRODUCT_NAME = "$(TARGET_NAME)";
				SWIFT_VERSION = 5.0;
				TARGETED_DEVICE_FAMILY = "1,2";
				TEST_HOST = "$(BUILT_PRODUCTS_DIR)/MyMovieDB.app/MyMovieDB";
			};
			name = Debug;
		};
		2F4D9E482437D34F00AF5418 /* Release */ = {
			isa = XCBuildConfiguration;
			baseConfigurationReference = DBECE7830DB2D994FC5F3B70 /* Pods-MyMovieDBTests.release.xcconfig */;
			buildSettings = {
				ALWAYS_EMBED_SWIFT_STANDARD_LIBRARIES = YES;
				BUNDLE_LOADER = "$(TEST_HOST)";
				CODE_SIGN_STYLE = Automatic;
				DEVELOPMENT_TEAM = 8DAQ759ZX7;
				INFOPLIST_FILE = MyMovieDBTests/Info.plist;
				IPHONEOS_DEPLOYMENT_TARGET = 13.2;
				LD_RUNPATH_SEARCH_PATHS = (
					"$(inherited)",
					"@executable_path/Frameworks",
					"@loader_path/Frameworks",
				);
				PRODUCT_BUNDLE_IDENTIFIER = com.mattcbr.MyMovieDBTests;
				PRODUCT_NAME = "$(TARGET_NAME)";
				SWIFT_VERSION = 5.0;
				TARGETED_DEVICE_FAMILY = "1,2";
				TEST_HOST = "$(BUILT_PRODUCTS_DIR)/MyMovieDB.app/MyMovieDB";
			};
			name = Release;
		};
/* End XCBuildConfiguration section */

/* Begin XCConfigurationList section */
		2F4D9E1F2437D34A00AF5418 /* Build configuration list for PBXProject "MyMovieDB" */ = {
			isa = XCConfigurationList;
			buildConfigurations = (
				2F4D9E412437D34F00AF5418 /* Debug */,
				2F4D9E422437D34F00AF5418 /* Release */,
			);
			defaultConfigurationIsVisible = 0;
			defaultConfigurationName = Release;
		};
		2F4D9E432437D34F00AF5418 /* Build configuration list for PBXNativeTarget "MyMovieDB" */ = {
			isa = XCConfigurationList;
			buildConfigurations = (
				2F4D9E442437D34F00AF5418 /* Debug */,
				2F4D9E452437D34F00AF5418 /* Release */,
			);
			defaultConfigurationIsVisible = 0;
			defaultConfigurationName = Release;
		};
		2F4D9E462437D34F00AF5418 /* Build configuration list for PBXNativeTarget "MyMovieDBTests" */ = {
			isa = XCConfigurationList;
			buildConfigurations = (
				2F4D9E472437D34F00AF5418 /* Debug */,
				2F4D9E482437D34F00AF5418 /* Release */,
			);
			defaultConfigurationIsVisible = 0;
			defaultConfigurationName = Release;
		};
/* End XCConfigurationList section */
	};
	rootObject = 2F4D9E1C2437D34A00AF5418 /* Project object */;
}
